
Microsoft Visual Studio Solution File, Format Version 12.00
# Visual Studio 15
VisualStudioVersion = 15.0.26124.0
MinimumVisualStudioVersion = 15.0.26124.0
Project("{2150E333-8FDC-42A3-9474-1A3956D46DE8}") = "src", "src", "{39A18577-392A-48BE-A891-C834A9DFD065}"
EndProject
Project("{FAE04EC0-301F-11D3-BF4B-00C04F79EFBC}") = "VSTrain.Core", "src\VSTrain.Core\VSTrain.Core.csproj", "{F95D7BBD-8ABA-4955-896B-53936D1A515A}"
EndProject
Project("{2150E333-8FDC-42A3-9474-1A3956D46DE8}") = "VSTrain.Infrastructure", "VSTrain.Infrastructure", "{74D58FDF-7476-47F4-9C7A-E70F21475A9A}"
EndProject
Project("{FAE04EC0-301F-11D3-BF4B-00C04F79EFBC}") = "VSTrain.Persistence", "src\VSTrain.Infrastructure\VSTrain.Persistence\VSTrain.Persistence.csproj", "{DAC5F365-B698-4958-B3AE-ACAA29FCE5D7}"
EndProject
Project("{FAE04EC0-301F-11D3-BF4B-00C04F79EFBC}") = "VSTrain.Infrastructure", "src\VSTrain.Infrastructure\VSTrain.Infrastructure\VSTrain.Infrastructure.csproj", "{5A3E13D4-8783-4C6A-A44C-EA367893D78E}"
EndProject
Global
	GlobalSection(SolutionConfigurationPlatforms) = preSolution
		Debug|Any CPU = Debug|Any CPU
		Debug|x64 = Debug|x64
		Debug|x86 = Debug|x86
		Release|Any CPU = Release|Any CPU
		Release|x64 = Release|x64
		Release|x86 = Release|x86
	EndGlobalSection
	GlobalSection(SolutionProperties) = preSolution
		HideSolutionNode = FALSE
	EndGlobalSection
	GlobalSection(ProjectConfigurationPlatforms) = postSolution
		{F95D7BBD-8ABA-4955-896B-53936D1A515A}.Debug|Any CPU.ActiveCfg = Debug|Any CPU
		{F95D7BBD-8ABA-4955-896B-53936D1A515A}.Debug|Any CPU.Build.0 = Debug|Any CPU
		{F95D7BBD-8ABA-4955-896B-53936D1A515A}.Debug|x64.ActiveCfg = Debug|Any CPU
		{F95D7BBD-8ABA-4955-896B-53936D1A515A}.Debug|x64.Build.0 = Debug|Any CPU
		{F95D7BBD-8ABA-4955-896B-53936D1A515A}.Debug|x86.ActiveCfg = Debug|Any CPU
		{F95D7BBD-8ABA-4955-896B-53936D1A515A}.Debug|x86.Build.0 = Debug|Any CPU
		{F95D7BBD-8ABA-4955-896B-53936D1A515A}.Release|Any CPU.ActiveCfg = Release|Any CPU
		{F95D7BBD-8ABA-4955-896B-53936D1A515A}.Release|Any CPU.Build.0 = Release|Any CPU
		{F95D7BBD-8ABA-4955-896B-53936D1A515A}.Release|x64.ActiveCfg = Release|Any CPU
		{F95D7BBD-8ABA-4955-896B-53936D1A515A}.Release|x64.Build.0 = Release|Any CPU
		{F95D7BBD-8ABA-4955-896B-53936D1A515A}.Release|x86.ActiveCfg = Release|Any CPU
		{F95D7BBD-8ABA-4955-896B-53936D1A515A}.Release|x86.Build.0 = Release|Any CPU
		{DAC5F365-B698-4958-B3AE-ACAA29FCE5D7}.Debug|Any CPU.ActiveCfg = Debug|Any CPU
		{DAC5F365-B698-4958-B3AE-ACAA29FCE5D7}.Debug|Any CPU.Build.0 = Debug|Any CPU
		{DAC5F365-B698-4958-B3AE-ACAA29FCE5D7}.Debug|x64.ActiveCfg = Debug|Any CPU
		{DAC5F365-B698-4958-B3AE-ACAA29FCE5D7}.Debug|x64.Build.0 = Debug|Any CPU
		{DAC5F365-B698-4958-B3AE-ACAA29FCE5D7}.Debug|x86.ActiveCfg = Debug|Any CPU
		{DAC5F365-B698-4958-B3AE-ACAA29FCE5D7}.Debug|x86.Build.0 = Debug|Any CPU
		{DAC5F365-B698-4958-B3AE-ACAA29FCE5D7}.Release|Any CPU.ActiveCfg = Release|Any CPU
		{DAC5F365-B698-4958-B3AE-ACAA29FCE5D7}.Release|Any CPU.Build.0 = Release|Any CPU
		{DAC5F365-B698-4958-B3AE-ACAA29FCE5D7}.Release|x64.ActiveCfg = Release|Any CPU
		{DAC5F365-B698-4958-B3AE-ACAA29FCE5D7}.Release|x64.Build.0 = Release|Any CPU
		{DAC5F365-B698-4958-B3AE-ACAA29FCE5D7}.Release|x86.ActiveCfg = Release|Any CPU
		{DAC5F365-B698-4958-B3AE-ACAA29FCE5D7}.Release|x86.Build.0 = Release|Any CPU
		{5A3E13D4-8783-4C6A-A44C-EA367893D78E}.Debug|Any CPU.ActiveCfg = Debug|Any CPU
		{5A3E13D4-8783-4C6A-A44C-EA367893D78E}.Debug|Any CPU.Build.0 = Debug|Any CPU
		{5A3E13D4-8783-4C6A-A44C-EA367893D78E}.Debug|x64.ActiveCfg = Debug|Any CPU
		{5A3E13D4-8783-4C6A-A44C-EA367893D78E}.Debug|x64.Build.0 = Debug|Any CPU
		{5A3E13D4-8783-4C6A-A44C-EA367893D78E}.Debug|x86.ActiveCfg = Debug|Any CPU
		{5A3E13D4-8783-4C6A-A44C-EA367893D78E}.Debug|x86.Build.0 = Debug|Any CPU
		{5A3E13D4-8783-4C6A-A44C-EA367893D78E}.Release|Any CPU.ActiveCfg = Release|Any CPU
		{5A3E13D4-8783-4C6A-A44C-EA367893D78E}.Release|Any CPU.Build.0 = Release|Any CPU
		{5A3E13D4-8783-4C6A-A44C-EA367893D78E}.Release|x64.ActiveCfg = Release|Any CPU
		{5A3E13D4-8783-4C6A-A44C-EA367893D78E}.Release|x64.Build.0 = Release|Any CPU
		{5A3E13D4-8783-4C6A-A44C-EA367893D78E}.Release|x86.ActiveCfg = Release|Any CPU
		{5A3E13D4-8783-4C6A-A44C-EA367893D78E}.Release|x86.Build.0 = Release|Any CPU
	EndGlobalSection
	GlobalSection(NestedProjects) = preSolution
		{F95D7BBD-8ABA-4955-896B-53936D1A515A} = {39A18577-392A-48BE-A891-C834A9DFD065}
		{74D58FDF-7476-47F4-9C7A-E70F21475A9A} = {39A18577-392A-48BE-A891-C834A9DFD065}
		{DAC5F365-B698-4958-B3AE-ACAA29FCE5D7} = {74D58FDF-7476-47F4-9C7A-E70F21475A9A}
		{5A3E13D4-8783-4C6A-A44C-EA367893D78E} = {74D58FDF-7476-47F4-9C7A-E70F21475A9A}
	EndGlobalSection
EndGlobal
